
Microsoft Visual Studio Solution File, Format Version 12.00
# Visual Studio 2012
Project("{8BC9CEB8-8B4A-11D0-8D11-00A0C91BC942}") = "Project giai bai tap", "Project giai bai tap\Project giai bai tap.vcxproj", "{25600B58-CF04-4081-9129-C3F3F279C4B9}"
EndProject
Global
	GlobalSection(SolutionConfigurationPlatforms) = preSolution
		Debug|Win32 = Debug|Win32
		Release|Win32 = Release|Win32
	EndGlobalSection
	GlobalSection(ProjectConfigurationPlatforms) = postSolution
		{25600B58-CF04-4081-9129-C3F3F279C4B9}.Debug|Win32.ActiveCfg = Debug|Win32
		{25600B58-CF04-4081-9129-C3F3F279C4B9}.Debug|Win32.Build.0 = Debug|Win32
		{25600B58-CF04-4081-9129-C3F3F279C4B9}.Release|Win32.ActiveCfg = Release|Win32
		{25600B58-CF04-4081-9129-C3F3F279C4B9}.Release|Win32.Build.0 = Release|Win32
	EndGlobalSection
	GlobalSection(SolutionProperties) = preSolution
		HideSolutionNode = FALSE
	EndGlobalSection
EndGlobal
